<Solution>
  <Folder Name="/Solution Items/">
    <File Path=".gitignore" />
  </Folder>
  <Project Path="backend/GameEngine/GameEngine.csproj" Id="e3cd110c-6b82-4532-8e42-e54dd4ac0594" />
  <Project Path="backend/LobbyService/LobbyService.csproj" Id="12c42521-fb48-4b72-a929-9924142b747c" />
  <Project Path="backend/Shared/Shared.csproj" Id="d2b02d60-bf87-4624-b6ca-bad98ccb6bf7" />
</Solution>
