Microsoft Visual Studio Solution File, Format Version 12.00
# Visual Studio Version 18
VisualStudioVersion = 18.3.11222.16
MinimumVisualStudioVersion = 10.0.40219.1
Project("{FAE04EC0-301F-11D3-BF4B-00C04F79EFBC}") = "GameEngine", "GameEngine\GameEngine.csproj", "{8EB48D1F-A712-5750-7A96-5B43D0D6134D}"
EndProject
Project("{FAE04EC0-301F-11D3-BF4B-00C04F79EFBC}") = "Shared", "Shared\Shared.csproj", "{22F72E50-B86A-48A6-4252-6FDC98C636E8}"
EndProject
Project("{2150E333-8FDC-42A3-9474-1A3956D46DE8}") = "Solution Items", "Solution Items", "{9984DF1C-00B1-45FB-820F-7DD71DB7F111}"
	ProjectSection(SolutionItems) = preProject
		.gitignore = .gitignore
		Dockerfile = Dockerfile
	EndProjectSection
EndProject
Project("{FAE04EC0-301F-11D3-BF4B-00C04F79EFBC}") = "ChessBackend", "ChessBackend\ChessBackend.csproj", "{5149B4C4-9E43-D349-7A50-0EC3273646F9}"
EndProject
Global
	GlobalSection(SolutionConfigurationPlatforms) = preSolution
		Debug|Any CPU = Debug|Any CPU
		Release|Any CPU = Release|Any CPU
	EndGlobalSection
	GlobalSection(ProjectConfigurationPlatforms) = postSolution
		{8EB48D1F-A712-5750-7A96-5B43D0D6134D}.Debug|Any CPU.ActiveCfg = Debug|Any CPU
		{8EB48D1F-A712-5750-7A96-5B43D0D6134D}.Debug|Any CPU.Build.0 = Debug|Any CPU
		{8EB48D1F-A712-5750-7A96-5B43D0D6134D}.Release|Any CPU.ActiveCfg = Release|Any CPU
		{8EB48D1F-A712-5750-7A96-5B43D0D6134D}.Release|Any CPU.Build.0 = Release|Any CPU
		{22F72E50-B86A-48A6-4252-6FDC98C636E8}.Debug|Any CPU.ActiveCfg = Debug|Any CPU
		{22F72E50-B86A-48A6-4252-6FDC98C636E8}.Debug|Any CPU.Build.0 = Debug|Any CPU
		{22F72E50-B86A-48A6-4252-6FDC98C636E8}.Release|Any CPU.ActiveCfg = Release|Any CPU
		{22F72E50-B86A-48A6-4252-6FDC98C636E8}.Release|Any CPU.Build.0 = Release|Any CPU
		{5149B4C4-9E43-D349-7A50-0EC3273646F9}.Debug|Any CPU.ActiveCfg = Debug|Any CPU
		{5149B4C4-9E43-D349-7A50-0EC3273646F9}.Debug|Any CPU.Build.0 = Debug|Any CPU
		{5149B4C4-9E43-D349-7A50-0EC3273646F9}.Release|Any CPU.ActiveCfg = Release|Any CPU
		{5149B4C4-9E43-D349-7A50-0EC3273646F9}.Release|Any CPU.Build.0 = Release|Any CPU
	EndGlobalSection
	GlobalSection(SolutionProperties) = preSolution
		HideSolutionNode = FALSE
	EndGlobalSection
	GlobalSection(ExtensibilityGlobals) = postSolution
		SolutionGuid = {3F5C43A8-490F-46A0-B198-DEDB7F9CE6C0}
	EndGlobalSection
EndGlobal
